{
  "version": 4,
  "terraform_version": "1.1.0",
  "serial": 46,
  "lineage": "715df44b-b821-482d-58bb-72275370aaaa",
  "outputs": {
    "output_MyTag_deploymentLocalGitUrl": {
      "value": "https://annotareappservice.scm.azurewebsites.net",
      "type": "string"
    },
    "password": {
      "value": "waJI@TwFS7Uj73hd",
      "type": "string",
      "sensitive": true
    }
  },
  "resources": [
    {
      "mode": "managed",
      "type": "azurerm_app_service",
      "name": "as",
      "provider": "provider[\"registry.terraform.io/hashicorp/azurerm\"]",
      "instances": [
        {
          "schema_version": 0,
          "attributes": {
            "app_service_plan_id": "/subscriptions/37f0d7e2-b16c-4131-bccf-51635ae355c5/resourceGroups/annotareResourceGroup/providers/Microsoft.Web/serverfarms/signitServicePlan",
            "app_settings": {
              "POST_BUILD_COMMAND": "infrastructure/scripts/post_build.sh"
            },
            "auth_settings": [
              {
                "active_directory": [],
                "additional_login_params": {},
                "allowed_external_redirect_urls": [],
                "default_provider": "",
                "enabled": false,
                "facebook": [],
                "google": [],
                "issuer": "",
                "microsoft": [],
                "runtime_version": "",
                "token_refresh_extension_hours": 0,
                "token_store_enabled": false,
                "twitter": [],
                "unauthenticated_client_action": ""
              }
            ],
            "backup": [],
            "client_affinity_enabled": false,
            "client_cert_enabled": false,
            "client_cert_mode": "Required",
            "connection_string": [],
            "custom_domain_verification_id": "7142F4DB53FDF41A14993E79DDCFDB8AF8D926FFEA554C08939D2F812CAC0BC9",
            "default_site_hostname": "annotareappservice.azurewebsites.net",
            "enabled": true,
            "https_only": false,
            "id": "/subscriptions/37f0d7e2-b16c-4131-bccf-51635ae355c5/resourceGroups/annotareResourceGroup/providers/Microsoft.Web/sites/annotareAppService",
            "identity": [],
            "key_vault_reference_identity_id": "SystemAssigned",
            "location": "eastus",
            "logs": [
              {
                "application_logs": [
                  {
                    "azure_blob_storage": [],
                    "file_system_level": "Off"
                  }
                ],
                "detailed_error_messages_enabled": false,
                "failed_request_tracing_enabled": false,
                "http_logs": [
                  {
                    "azure_blob_storage": [],
                    "file_system": []
                  }
                ]
              }
            ],
            "name": "annotareAppService",
            "outbound_ip_address_list": [
              "52.188.143.242",
              "40.71.235.172",
              "40.71.236.147",
              "40.71.236.232",
              "40.71.238.92",
              "52.142.34.225",
              "20.49.104.3"
            ],
            "outbound_ip_addresses": "52.188.143.242,40.71.235.172,40.71.236.147,40.71.236.232,40.71.238.92,52.142.34.225,20.49.104.3",
            "possible_outbound_ip_address_list": [
              "52.188.143.242",
              "40.71.235.172",
              "40.71.236.147",
              "40.71.236.232",
              "40.71.238.92",
              "52.142.34.225",
              "52.149.246.34",
              "52.179.115.42",
              "52.179.118.77",
              "52.191.94.124",
              "52.224.89.255",
              "52.224.92.113",
              "52.226.52.76",
              "52.226.52.105",
              "52.226.52.106",
              "52.226.53.47",
              "52.226.53.100",
              "52.226.54.47",
              "104.45.183.144",
              "104.45.183.219",
              "52.186.162.43",
              "104.45.183.209",
              "52.186.162.106",
              "52.186.163.7",
              "20.49.104.3"
            ],
            "possible_outbound_ip_addresses": "52.188.143.242,40.71.235.172,40.71.236.147,40.71.236.232,40.71.238.92,52.142.34.225,52.149.246.34,52.179.115.42,52.179.118.77,52.191.94.124,52.224.89.255,52.224.92.113,52.226.52.76,52.226.52.105,52.226.52.106,52.226.53.47,52.226.53.100,52.226.54.47,104.45.183.144,104.45.183.219,52.186.162.43,104.45.183.209,52.186.162.106,52.186.163.7,20.49.104.3",
            "resource_group_name": "annotareResourceGroup",
            "site_config": [
              {
                "acr_use_managed_identity_credentials": false,
                "acr_user_managed_identity_client_id": "",
                "always_on": false,
                "app_command_line": "",
                "auto_swap_slot_name": "",
                "cors": [
                  {
                    "allowed_origins": [],
                    "support_credentials": false
                  }
                ],
                "default_documents": null,
                "dotnet_framework_version": "v4.0",
                "ftps_state": "AllAllowed",
                "health_check_path": "",
                "http2_enabled": false,
                "ip_restriction": [],
                "java_container": "",
                "java_container_version": "",
                "java_version": "",
                "linux_fx_version": "PHP|8.0.11",
                "local_mysql_enabled": false,
                "managed_pipeline_mode": "Integrated",
                "min_tls_version": "1.2",
                "number_of_workers": 1,
                "php_version": "",
                "python_version": "",
                "remote_debugging_enabled": false,
                "remote_debugging_version": "VS2019",
                "scm_ip_restriction": [],
                "scm_type": "LocalGit",
                "scm_use_main_ip_restriction": false,
                "use_32_bit_worker_process": false,
                "vnet_route_all_enabled": false,
                "websockets_enabled": false,
                "windows_fx_version": ""
              }
            ],
            "site_credential": [
              {
                "password": "vvmevdXFot17LjqAkoGN7nCox6QfMz8au1idKQb1TssnrpxkmZ0SDfTPjwmd",
                "username": "$annotareAppService"
              }
            ],
            "source_control": [
              {
                "branch": "master",
                "manual_integration": false,
                "repo_url": "https://annotareappservice.scm.azurewebsites.net",
                "rollback_enabled": false,
                "use_mercurial": false
              }
            ],
            "storage_account": [],
            "tags": null,
            "timeouts": null
          },
          "sensitive_attributes": [],
          "private": "eyJlMmJmYjczMC1lY2FhLTExZTYtOGY4OC0zNDM2M2JjN2M0YzAiOnsiY3JlYXRlIjoxODAwMDAwMDAwMDAwLCJkZWxldGUiOjE4MDAwMDAwMDAwMDAsInJlYWQiOjMwMDAwMDAwMDAwMCwidXBkYXRlIjoxODAwMDAwMDAwMDAwfX0=",
          "dependencies": [
            "azurerm_app_service_plan.sp",
            "azurerm_resource_group.rg"
          ]
        }
      ]
    },
    {
      "mode": "managed",
      "type": "azurerm_app_service_plan",
      "name": "sp",
      "provider": "provider[\"registry.terraform.io/hashicorp/azurerm\"]",
      "instances": [
        {
          "schema_version": 0,
          "attributes": {
            "app_service_environment_id": "",
            "id": "/subscriptions/37f0d7e2-b16c-4131-bccf-51635ae355c5/resourceGroups/annotareResourceGroup/providers/Microsoft.Web/serverfarms/signitServicePlan",
            "is_xenon": false,
            "kind": "linux",
            "location": "eastus",
            "maximum_elastic_worker_count": 1,
            "maximum_number_of_workers": 10,
            "name": "signitServicePlan",
            "per_site_scaling": false,
            "reserved": true,
            "resource_group_name": "annotareResourceGroup",
            "sku": [
              {
                "capacity": 1,
                "size": "S1",
                "tier": "Standard"
              }
            ],
            "tags": null,
            "timeouts": null,
            "zone_redundant": false
          },
          "sensitive_attributes": [],
          "private": "eyJlMmJmYjczMC1lY2FhLTExZTYtOGY4OC0zNDM2M2JjN2M0YzAiOnsiY3JlYXRlIjozNjAwMDAwMDAwMDAwLCJkZWxldGUiOjM2MDAwMDAwMDAwMDAsInJlYWQiOjMwMDAwMDAwMDAwMCwidXBkYXRlIjozNjAwMDAwMDAwMDAwfX0=",
          "dependencies": [
            "azurerm_resource_group.rg"
          ]
        }
      ]
    },
    {
      "mode": "managed",
      "type": "azurerm_mysql_server",
      "name": "db",
      "provider": "provider[\"registry.terraform.io/hashicorp/azurerm\"]",
      "instances": [
        {
          "schema_version": 0,
          "attributes": {
            "administrator_login": "mysqladminun",
            "administrator_login_password": "waJI@TwFS7Uj73hd",
            "auto_grow_enabled": true,
            "backup_retention_days": 7,
            "create_mode": "Default",
            "creation_source_server_id": null,
            "fqdn": "annotaredb.mysql.database.azure.com",
            "geo_redundant_backup_enabled": false,
            "id": "/subscriptions/37f0d7e2-b16c-4131-bccf-51635ae355c5/resourceGroups/annotareResourceGroup/providers/Microsoft.DBforMySQL/servers/annotaredb",
            "identity": [],
            "infrastructure_encryption_enabled": false,
            "location": "eastus",
            "name": "annotaredb",
            "public_network_access_enabled": true,
            "resource_group_name": "annotareResourceGroup",
            "restore_point_in_time": null,
            "sku_name": "B_Gen5_2",
            "ssl_enforcement": "Enabled",
            "ssl_enforcement_enabled": true,
            "ssl_minimal_tls_version_enforced": "TLS1_2",
            "storage_mb": 5120,
            "storage_profile": [
              {
                "auto_grow": "Enabled",
                "backup_retention_days": 7,
                "geo_redundant_backup": "Disabled",
                "storage_mb": 5120
              }
            ],
            "tags": null,
            "threat_detection_policy": [],
            "timeouts": null,
            "version": "5.7"
          },
          "sensitive_attributes": [
            [
              {
                "type": "get_attr",
                "value": "administrator_login_password"
              }
            ]
          ],
          "private": "eyJlMmJmYjczMC1lY2FhLTExZTYtOGY4OC0zNDM2M2JjN2M0YzAiOnsiY3JlYXRlIjozNjAwMDAwMDAwMDAwLCJkZWxldGUiOjM2MDAwMDAwMDAwMDAsInJlYWQiOjMwMDAwMDAwMDAwMCwidXBkYXRlIjozNjAwMDAwMDAwMDAwfX0=",
          "dependencies": [
            "azurerm_resource_group.rg",
            "random_password.password"
          ]
        }
      ]
    },
    {
      "mode": "managed",
      "type": "azurerm_resource_group",
      "name": "rg",
      "provider": "provider[\"registry.terraform.io/hashicorp/azurerm\"]",
      "instances": [
        {
          "schema_version": 0,
          "attributes": {
            "id": "/subscriptions/37f0d7e2-b16c-4131-bccf-51635ae355c5/resourceGroups/annotareResourceGroup",
            "location": "eastus",
            "name": "annotareResourceGroup",
            "tags": null,
            "timeouts": null
          },
          "sensitive_attributes": [],
          "private": "eyJlMmJmYjczMC1lY2FhLTExZTYtOGY4OC0zNDM2M2JjN2M0YzAiOnsiY3JlYXRlIjo1NDAwMDAwMDAwMDAwLCJkZWxldGUiOjU0MDAwMDAwMDAwMDAsInJlYWQiOjMwMDAwMDAwMDAwMCwidXBkYXRlIjo1NDAwMDAwMDAwMDAwfX0="
        }
      ]
    },
    {
      "mode": "managed",
      "type": "random_password",
      "name": "password",
      "provider": "provider[\"registry.terraform.io/hashicorp/random\"]",
      "instances": [
        {
          "schema_version": 0,
          "attributes": {
            "id": "none",
            "keepers": null,
            "length": 16,
            "lower": true,
            "min_lower": 0,
            "min_numeric": 0,
            "min_special": 0,
            "min_upper": 0,
            "number": true,
            "override_special": "_%@",
            "result": "waJI@TwFS7Uj73hd",
            "special": true,
            "upper": true
          },
          "sensitive_attributes": [],
          "private": "bnVsbA=="
        }
      ]
    }
  ]
}
